schema: '2.0'
stages:
  data_collection:
    cmd: python yolo_head_detection/dataset.py collect --url 
      https://www.di.ens.fr/willow/research/headdetection/release/HollywoodHeads.zip
    deps:
    - path: yolo_head_detection/data_utils/data_collection.py
      hash: md5
      md5: bc83a855f590236a4398e8404baf5021
      size: 8174
    - path: yolo_head_detection/dataset.py
      hash: md5
      md5: 7ca5b81e4872e67e6446dc0c7a733f9d
      size: 1079
    params:
      params.yaml:
        url: 
          https://www.di.ens.fr/willow/research/headdetection/release/HollywoodHeads.zip
    outs:
    - path: data/raw/HollywoodHeads
      hash: md5
      md5: d41d8cd98f00b204e9800998ecf8427e
      size: 0
